
Microsoft Visual Studio Solution File, Format Version 12.00
# Visual Studio Version 17
VisualStudioVersion = 17.13.35828.75
MinimumVisualStudioVersion = 10.0.40219.1
Project("{FAE04EC0-301F-11D3-BF4B-00C04F79EFBC}") = "WebAppML", "WebAppML\WebAppML.csproj", "{C77B88FA-DDF9-48C8-B228-8DBF9997E770}"
EndProject
Global
	GlobalSection(SolutionConfigurationPlatforms) = preSolution
		Debug|Any CPU = Debug|Any CPU
		Release|Any CPU = Release|Any CPU
	EndGlobalSection
	GlobalSection(ProjectConfigurationPlatforms) = postSolution
		{C77B88FA-DDF9-48C8-B228-8DBF9997E770}.Debug|Any CPU.ActiveCfg = Debug|Any CPU
		{C77B88FA-DDF9-48C8-B228-8DBF9997E770}.Debug|Any CPU.Build.0 = Debug|Any CPU
		{C77B88FA-DDF9-48C8-B228-8DBF9997E770}.Release|Any CPU.ActiveCfg = Release|Any CPU
		{C77B88FA-DDF9-48C8-B228-8DBF9997E770}.Release|Any CPU.Build.0 = Release|Any CPU
	EndGlobalSection
	GlobalSection(SolutionProperties) = preSolution
		HideSolutionNode = FALSE
	EndGlobalSection
	GlobalSection(ExtensibilityGlobals) = postSolution
		SolutionGuid = {0D95963D-6D14-4B66-A89F-7D23AF8F07D9}
	EndGlobalSection
EndGlobal
