
Microsoft Visual Studio Solution File, Format Version 12.00
# Visual Studio Version 17
VisualStudioVersion = 17.13.35828.75 d17.13
MinimumVisualStudioVersion = 10.0.40219.1
Project("{FAE04EC0-301F-11D3-BF4B-00C04F79EFBC}") = "MercadoLivreAPI", "MercadoLivreAPI\MercadoLivreAPI.csproj", "{A41D6A0C-C99E-4650-95A3-0C3CE4EDBD90}"
EndProject
Global
	GlobalSection(SolutionConfigurationPlatforms) = preSolution
		Debug|Any CPU = Debug|Any CPU
		Release|Any CPU = Release|Any CPU
	EndGlobalSection
	GlobalSection(ProjectConfigurationPlatforms) = postSolution
		{A41D6A0C-C99E-4650-95A3-0C3CE4EDBD90}.Debug|Any CPU.ActiveCfg = Debug|Any CPU
		{A41D6A0C-C99E-4650-95A3-0C3CE4EDBD90}.Debug|Any CPU.Build.0 = Debug|Any CPU
		{A41D6A0C-C99E-4650-95A3-0C3CE4EDBD90}.Release|Any CPU.ActiveCfg = Release|Any CPU
		{A41D6A0C-C99E-4650-95A3-0C3CE4EDBD90}.Release|Any CPU.Build.0 = Release|Any CPU
	EndGlobalSection
	GlobalSection(SolutionProperties) = preSolution
		HideSolutionNode = FALSE
	EndGlobalSection
	GlobalSection(ExtensibilityGlobals) = postSolution
		SolutionGuid = {6884DD07-0E94-4AEE-B054-0EE8D6F83BE2}
	EndGlobalSection
EndGlobal
